Microsoft Visual Studio Solution File, Format Version 12.00
# Visual Studio Version 17
VisualStudioVersion = 17.5.2.0
MinimumVisualStudioVersion = 10.0.40219.1
Project("{FAE04EC0-301F-11D3-BF4B-00C04F79EFBC}") = "CoreDriven.Api", "CoreDriven.Api.csproj", "{BB9C1BD7-5AF1-58BE-CF38-6D5548A6120D}"
EndProject
Global
	GlobalSection(SolutionConfigurationPlatforms) = preSolution
		Debug|Any CPU = Debug|Any CPU
		Release|Any CPU = Release|Any CPU
	EndGlobalSection
	GlobalSection(ProjectConfigurationPlatforms) = postSolution
		{BB9C1BD7-5AF1-58BE-CF38-6D5548A6120D}.Debug|Any CPU.ActiveCfg = Debug|Any CPU
		{BB9C1BD7-5AF1-58BE-CF38-6D5548A6120D}.Debug|Any CPU.Build.0 = Debug|Any CPU
		{BB9C1BD7-5AF1-58BE-CF38-6D5548A6120D}.Release|Any CPU.ActiveCfg = Release|Any CPU
		{BB9C1BD7-5AF1-58BE-CF38-6D5548A6120D}.Release|Any CPU.Build.0 = Release|Any CPU
	EndGlobalSection
	GlobalSection(SolutionProperties) = preSolution
		HideSolutionNode = FALSE
	EndGlobalSection
	GlobalSection(ExtensibilityGlobals) = postSolution
		SolutionGuid = {65025E73-EF2A-48BF-9219-6B6DCBF7B9A2}
	EndGlobalSection
EndGlobal
